dependencies:
- name: tempo
  repository: https://grafana-community.github.io/helm-charts
  version: 2.2.3
- name: loki
  repository: https://grafana-community.github.io/helm-charts
  version: 18.5.4
- name: alloy
  repository: https://grafana.github.io/helm-charts
  version: 1.11.0
- name: opentelemetry-collector
  repository: https://open-telemetry.github.io/opentelemetry-helm-charts
  version: 0.165.0
digest: sha256:f5b58fac1bb534cc2f9b773df64bf1c3cf9e47af87307b3ae22c1ea34411ff4e
generated: "2026-08-08T15:52:29.17775+02:00"
